
Microsoft Visual Studio Solution File, Format Version 12.00
# Visual Studio Version 17
VisualStudioVersion = 17.9.34622.214
MinimumVisualStudioVersion = 10.0.40219.1
Project("{FAE04EC0-301F-11D3-BF4B-00C04F79EFBC}") = "DecorStore", "DecorStore\DecorStore.csproj", "{B48F7273-A20C-425A-A4CF-32F5DBB77A54}"
EndProject
Global
	GlobalSection(SolutionConfigurationPlatforms) = preSolution
		Debug|Any CPU = Debug|Any CPU
		Release|Any CPU = Release|Any CPU
	EndGlobalSection
	GlobalSection(ProjectConfigurationPlatforms) = postSolution
		{B48F7273-A20C-425A-A4CF-32F5DBB77A54}.Debug|Any CPU.ActiveCfg = Debug|Any CPU
		{B48F7273-A20C-425A-A4CF-32F5DBB77A54}.Debug|Any CPU.Build.0 = Debug|Any CPU
		{B48F7273-A20C-425A-A4CF-32F5DBB77A54}.Release|Any CPU.ActiveCfg = Release|Any CPU
		{B48F7273-A20C-425A-A4CF-32F5DBB77A54}.Release|Any CPU.Build.0 = Release|Any CPU
	EndGlobalSection
	GlobalSection(SolutionProperties) = preSolution
		HideSolutionNode = FALSE
	EndGlobalSection
	GlobalSection(ExtensibilityGlobals) = postSolution
		SolutionGuid = {705D9221-4CC0-4AE7-BBC2-B82128565540}
	EndGlobalSection
EndGlobal
